// !$*UTF8*$!
{
	archiveVersion = 1;
	classes = {
	};
	objectVersion = 60;
	objects = {

/* Begin PBXBuildFile section */
		077E05BB2C69736E00B9D2D4 /* Firebase_BootcampApp.swift in Sources */ = {isa = PBXBuildFile; fileRef = 077E05BA2C69736E00B9D2D4 /* Firebase_BootcampApp.swift */; };
		077E05BD2C69736E00B9D2D4 /* ContentView.swift in Sources */ = {isa = PBXBuildFile; fileRef = 077E05BC2C69736E00B9D2D4 /* ContentView.swift */; };
		077E05BF2C69737000B9D2D4 /* Assets.xcassets in Resources */ = {isa = PBXBuildFile; fileRef = 077E05BE2C69737000B9D2D4 /* Assets.xcassets */; };
		077E05C22C69737000B9D2D4 /* Preview Assets.xcassets in Resources */ = {isa = PBXBuildFile; fileRef = 077E05C12C69737000B9D2D4 /* Preview Assets.xcassets */; };
		077E05CC2C69741000B9D2D4 /* FirebaseAnalytics in Frameworks */ = {isa = PBXBuildFile; productRef = 077E05CB2C69741000B9D2D4 /* FirebaseAnalytics */; };
		077E05CE2C69741000B9D2D4 /* FirebaseAuth in Frameworks */ = {isa = PBXBuildFile; productRef = 077E05CD2C69741000B9D2D4 /* FirebaseAuth */; };
		077E05D32C69746D00B9D2D4 /* AuthenticationManager.swift in Sources */ = {isa = PBXBuildFile; fileRef = 077E05D02C69746D00B9D2D4 /* AuthenticationManager.swift */; };
		077E05D42C69746D00B9D2D4 /* SignInWithEmailView.swift in Sources */ = {isa = PBXBuildFile; fileRef = 077E05D12C69746D00B9D2D4 /* SignInWithEmailView.swift */; };
		077E05D52C69746D00B9D2D4 /* AuthenticationView.swift in Sources */ = {isa = PBXBuildFile; fileRef = 077E05CF2C69746D00B9D2D4 /* AuthenticationView.swift */; };
		077E05D72C69788B00B9D2D4 /* RootView.swift in Sources */ = {isa = PBXBuildFile; fileRef = 077E05D62C69788B00B9D2D4 /* RootView.swift */; };
		077E05D92C697A1100B9D2D4 /* SettingsView.swift in Sources */ = {isa = PBXBuildFile; fileRef = 077E05D82C697A1100B9D2D4 /* SettingsView.swift */; };
		079600682C6A59A900A51862 /* GoogleSignIn in Frameworks */ = {isa = PBXBuildFile; productRef = 079600672C6A59A900A51862 /* GoogleSignIn */; };
		0796006A2C6A59A900A51862 /* GoogleSignInSwift in Frameworks */ = {isa = PBXBuildFile; productRef = 079600692C6A59A900A51862 /* GoogleSignInSwift */; };
		0796006C2C6A5AE200A51862 /* GoogleService-Info.plist in Resources */ = {isa = PBXBuildFile; fileRef = 0796006B2C6A5AE200A51862 /* GoogleService-Info.plist */; };
		079600702C6A5D8E00A51862 /* Utilities.swift in Sources */ = {isa = PBXBuildFile; fileRef = 0796006F2C6A5D8E00A51862 /* Utilities.swift */; };
		079600722C6A644C00A51862 /* SignInGoogleHelper.swift in Sources */ = {isa = PBXBuildFile; fileRef = 079600712C6A644C00A51862 /* SignInGoogleHelper.swift */; };
		07F24C452C6AC60E0022E743 /* SignInAppleHelper.swift in Sources */ = {isa = PBXBuildFile; fileRef = 07F24C442C6AC60E0022E743 /* SignInAppleHelper.swift */; };
		07F24C482C6AF5390022E743 /* FirebaseVertexAI-Preview in Frameworks */ = {isa = PBXBuildFile; productRef = 07F24C472C6AF5390022E743 /* FirebaseVertexAI-Preview */; };
/* End PBXBuildFile section */

/* Begin PBXFileReference section */
		077E05B72C69736E00B9D2D4 /* Firebase Bootcamp.app */ = {isa = PBXFileReference; explicitFileType = wrapper.application; includeInIndex = 0; path = "Firebase Bootcamp.app"; sourceTree = BUILT_PRODUCTS_DIR; };
		077E05BA2C69736E00B9D2D4 /* Firebase_BootcampApp.swift */ = {isa = PBXFileReference; lastKnownFileType = sourcecode.swift; path = Firebase_BootcampApp.swift; sourceTree = "<group>"; };
		077E05BC2C69736E00B9D2D4 /* ContentView.swift */ = {isa = PBXFileReference; lastKnownFileType = sourcecode.swift; path = ContentView.swift; sourceTree = "<group>"; };
		077E05BE2C69737000B9D2D4 /* Assets.xcassets */ = {isa = PBXFileReference; lastKnownFileType = folder.assetcatalog; path = Assets.xcassets; sourceTree = "<group>"; };
		077E05C12C69737000B9D2D4 /* Preview Assets.xcassets */ = {isa = PBXFileReference; lastKnownFileType = folder.assetcatalog; path = "Preview Assets.xcassets"; sourceTree = "<group>"; };
		077E05CF2C69746D00B9D2D4 /* AuthenticationView.swift */ = {isa = PBXFileReference; lastKnownFileType = sourcecode.swift; path = AuthenticationView.swift; sourceTree = "<group>"; };
		077E05D02C69746D00B9D2D4 /* AuthenticationManager.swift */ = {isa = PBXFileReference; lastKnownFileType = sourcecode.swift; path = AuthenticationManager.swift; sourceTree = "<group>"; };
		077E05D12C69746D00B9D2D4 /* SignInWithEmailView.swift */ = {isa = PBXFileReference; lastKnownFileType = sourcecode.swift; path = SignInWithEmailView.swift; sourceTree = "<group>"; };
		077E05D62C69788B00B9D2D4 /* RootView.swift */ = {isa = PBXFileReference; lastKnownFileType = sourcecode.swift; path = RootView.swift; sourceTree = "<group>"; };
		077E05D82C697A1100B9D2D4 /* SettingsView.swift */ = {isa = PBXFileReference; lastKnownFileType = sourcecode.swift; path = SettingsView.swift; sourceTree = "<group>"; };
		0796006B2C6A5AE200A51862 /* GoogleService-Info.plist */ = {isa = PBXFileReference; lastKnownFileType = text.plist.xml; path = "GoogleService-Info.plist"; sourceTree = "<group>"; };
		0796006D2C6A5B2700A51862 /* Firebase-Bootcamp-Info.plist */ = {isa = PBXFileReference; lastKnownFileType = text.plist; path = "Firebase-Bootcamp-Info.plist"; sourceTree = SOURCE_ROOT; };
		0796006F2C6A5D8E00A51862 /* Utilities.swift */ = {isa = PBXFileReference; lastKnownFileType = sourcecode.swift; path = Utilities.swift; sourceTree = "<group>"; };
		079600712C6A644C00A51862 /* SignInGoogleHelper.swift */ = {isa = PBXFileReference; lastKnownFileType = sourcecode.swift; path = SignInGoogleHelper.swift; sourceTree = "<group>"; };
		07F24C442C6AC60E0022E743 /* SignInAppleHelper.swift */ = {isa = PBXFileReference; lastKnownFileType = sourcecode.swift; path = SignInAppleHelper.swift; sourceTree = "<group>"; };
/* End PBXFileReference section */

/* Begin PBXFrameworksBuildPhase section */
		077E05B42C69736E00B9D2D4 /* Frameworks */ = {
			isa = PBXFrameworksBuildPhase;
			buildActionMask = 2147483647;
			files = (
				07F24C482C6AF5390022E743 /* FirebaseVertexAI-Preview in Frameworks */,
				077E05CC2C69741000B9D2D4 /* FirebaseAnalytics in Frameworks */,
				077E05CE2C69741000B9D2D4 /* FirebaseAuth in Frameworks */,
				079600682C6A59A900A51862 /* GoogleSignIn in Frameworks */,
				0796006A2C6A59A900A51862 /* GoogleSignInSwift in Frameworks */,
			);
			runOnlyForDeploymentPostprocessing = 0;
		};
/* End PBXFrameworksBuildPhase section */

/* Begin PBXGroup section */
		077E05AE2C69736E00B9D2D4 = {
			isa = PBXGroup;
			children = (
				077E05B92C69736E00B9D2D4 /* Firebase Bootcamp */,
				07F24C462C6AF5390022E743 /* Frameworks */,
				077E05B82C69736E00B9D2D4 /* Products */,
			);
			sourceTree = "<group>";
		};
		077E05B82C69736E00B9D2D4 /* Products */ = {
			isa = PBXGroup;
			children = (
				077E05B72C69736E00B9D2D4 /* Firebase Bootcamp.app */,
			);
			name = Products;
			sourceTree = "<group>";
		};
		077E05B92C69736E00B9D2D4 /* Firebase Bootcamp */ = {
			isa = PBXGroup;
			children = (
				0796006D2C6A5B2700A51862 /* Firebase-Bootcamp-Info.plist */,
				077E05BA2C69736E00B9D2D4 /* Firebase_BootcampApp.swift */,
				077E05BC2C69736E00B9D2D4 /* ContentView.swift */,
				0796006E2C6A5D7700A51862 /* Utilities */,
				077E05D22C69746D00B9D2D4 /* Authentication */,
				0796006B2C6A5AE200A51862 /* GoogleService-Info.plist */,
				077E05BE2C69737000B9D2D4 /* Assets.xcassets */,
				077E05C02C69737000B9D2D4 /* Preview Content */,
			);
			path = "Firebase Bootcamp";
			sourceTree = "<group>";
		};
		077E05C02C69737000B9D2D4 /* Preview Content */ = {
			isa = PBXGroup;
			children = (
				077E05C12C69737000B9D2D4 /* Preview Assets.xcassets */,
			);
			path = "Preview Content";
			sourceTree = "<group>";
		};
		077E05D22C69746D00B9D2D4 /* Authentication */ = {
			isa = PBXGroup;
			children = (
				077E05CF2C69746D00B9D2D4 /* AuthenticationView.swift */,
				07F24C442C6AC60E0022E743 /* SignInAppleHelper.swift */,
				079600712C6A644C00A51862 /* SignInGoogleHelper.swift */,
				077E05D62C69788B00B9D2D4 /* RootView.swift */,
				077E05D82C697A1100B9D2D4 /* SettingsView.swift */,
				077E05D02C69746D00B9D2D4 /* AuthenticationManager.swift */,
				077E05D12C69746D00B9D2D4 /* SignInWithEmailView.swift */,
			);
			path = Authentication;
			sourceTree = "<group>";
		};
		0796006E2C6A5D7700A51862 /* Utilities */ = {
			isa = PBXGroup;
			children = (
				0796006F2C6A5D8E00A51862 /* Utilities.swift */,
			);
			path = Utilities;
			sourceTree = "<group>";
		};
		07F24C462C6AF5390022E743 /* Frameworks */ = {
			isa = PBXGroup;
			children = (
			);
			name = Frameworks;
			sourceTree = "<group>";
		};
/* End PBXGroup section */

/* Begin PBXNativeTarget section */
		077E05B62C69736E00B9D2D4 /* Firebase Bootcamp */ = {
			isa = PBXNativeTarget;
			buildConfigurationList = 077E05C52C69737000B9D2D4 /* Build configuration list for PBXNativeTarget "Firebase Bootcamp" */;
			buildPhases = (
				077E05B32C69736E00B9D2D4 /* Sources */,
				077E05B42C69736E00B9D2D4 /* Frameworks */,
				077E05B52C69736E00B9D2D4 /* Resources */,
			);
			buildRules = (
			);
			dependencies = (
			);
			name = "Firebase Bootcamp";
			packageProductDependencies = (
				077E05CB2C69741000B9D2D4 /* FirebaseAnalytics */,
				077E05CD2C69741000B9D2D4 /* FirebaseAuth */,
				079600672C6A59A900A51862 /* GoogleSignIn */,
				079600692C6A59A900A51862 /* GoogleSignInSwift */,
				07F24C472C6AF5390022E743 /* FirebaseVertexAI-Preview */,
			);
			productName = "Firebase Bootcamp";
			productReference = 077E05B72C69736E00B9D2D4 /* Firebase Bootcamp.app */;
			productType = "com.apple.product-type.application";
		};
/* End PBXNativeTarget section */

/* Begin PBXProject section */
		077E05AF2C69736E00B9D2D4 /* Project object */ = {
			isa = PBXProject;
			attributes = {
				BuildIndependentTargetsInParallel = 1;
				LastSwiftUpdateCheck = 1600;
				LastUpgradeCheck = 1600;
				TargetAttributes = {
					077E05B62C69736E00B9D2D4 = {
						CreatedOnToolsVersion = 16.0;
					};
				};
			};
			buildConfigurationList = 077E05B22C69736E00B9D2D4 /* Build configuration list for PBXProject "Firebase Bootcamp" */;
			compatibilityVersion = "Xcode 15.0";
			developmentRegion = en;
			hasScannedForEncodings = 0;
			knownRegions = (
				en,
				Base,
			);
			mainGroup = 077E05AE2C69736E00B9D2D4;
			packageReferences = (
				077E05CA2C69741000B9D2D4 /* XCRemoteSwiftPackageReference "firebase-ios-sdk" */,
				079600662C6A59A900A51862 /* XCRemoteSwiftPackageReference "GoogleSignIn-iOS" */,
			);
			productRefGroup = 077E05B82C69736E00B9D2D4 /* Products */;
			projectDirPath = "";
			projectRoot = "";
			targets = (
				077E05B62C69736E00B9D2D4 /* Firebase Bootcamp */,
			);
		};
/* End PBXProject section */

/* Begin PBXResourcesBuildPhase section */
		077E05B52C69736E00B9D2D4 /* Resources */ = {
			isa = PBXResourcesBuildPhase;
			buildActionMask = 2147483647;
			files = (
				0796006C2C6A5AE200A51862 /* GoogleService-Info.plist in Resources */,
				077E05C22C69737000B9D2D4 /* Preview Assets.xcassets in Resources */,
				077E05BF2C69737000B9D2D4 /* Assets.xcassets in Resources */,
			);
			runOnlyForDeploymentPostprocessing = 0;
		};
/* End PBXResourcesBuildPhase section */

/* Begin PBXSourcesBuildPhase section */
		077E05B32C69736E00B9D2D4 /* Sources */ = {
			isa = PBXSourcesBuildPhase;
			buildActionMask = 2147483647;
			files = (
				077E05D92C697A1100B9D2D4 /* SettingsView.swift in Sources */,
				077E05BD2C69736E00B9D2D4 /* ContentView.swift in Sources */,
				077E05D32C69746D00B9D2D4 /* AuthenticationManager.swift in Sources */,
				077E05D72C69788B00B9D2D4 /* RootView.swift in Sources */,
				079600722C6A644C00A51862 /* SignInGoogleHelper.swift in Sources */,
				077E05D42C69746D00B9D2D4 /* SignInWithEmailView.swift in Sources */,
				077E05D52C69746D00B9D2D4 /* AuthenticationView.swift in Sources */,
				079600702C6A5D8E00A51862 /* Utilities.swift in Sources */,
				07F24C452C6AC60E0022E743 /* SignInAppleHelper.swift in Sources */,
				077E05BB2C69736E00B9D2D4 /* Firebase_BootcampApp.swift in Sources */,
			);
			runOnlyForDeploymentPostprocessing = 0;
		};
/* End PBXSourcesBuildPhase section */

/* Begin XCBuildConfiguration section */
		077E05C32C69737000B9D2D4 /* Debug */ = {
			isa = XCBuildConfiguration;
			buildSettings = {
				ALWAYS_SEARCH_USER_PATHS = NO;
				ASSETCATALOG_COMPILER_GENERATE_SWIFT_ASSET_SYMBOL_EXTENSIONS = YES;
				CLANG_ANALYZER_NONNULL = YES;
				CLANG_ANALYZER_NUMBER_OBJECT_CONVERSION = YES_AGGRESSIVE;
				CLANG_CXX_LANGUAGE_STANDARD = "gnu++20";
				CLANG_ENABLE_MODULES = YES;
				CLANG_ENABLE_OBJC_ARC = YES;
				CLANG_ENABLE_OBJC_WEAK = YES;
				CLANG_WARN_BLOCK_CAPTURE_AUTORELEASING = YES;
				CLANG_WARN_BOOL_CONVERSION = YES;
				CLANG_WARN_COMMA = YES;
				CLANG_WARN_CONSTANT_CONVERSION = YES;
				CLANG_WARN_DEPRECATED_OBJC_IMPLEMENTATIONS = YES;
				CLANG_WARN_DIRECT_OBJC_ISA_USAGE = YES_ERROR;
				CLANG_WARN_DOCUMENTATION_COMMENTS = YES;
				CLANG_WARN_EMPTY_BODY = YES;
				CLANG_WARN_ENUM_CONVERSION = YES;
				CLANG_WARN_INFINITE_RECURSION = YES;
				CLANG_WARN_INT_CONVERSION = YES;
				CLANG_WARN_NON_LITERAL_NULL_CONVERSION = YES;
				CLANG_WARN_OBJC_IMPLICIT_RETAIN_SELF = YES;
				CLANG_WARN_OBJC_LITERAL_CONVERSION = YES;
				CLANG_WARN_OBJC_ROOT_CLASS = YES_ERROR;
				CLANG_WARN_QUOTED_INCLUDE_IN_FRAMEWORK_HEADER = YES;
				CLANG_WARN_RANGE_LOOP_ANALYSIS = YES;
				CLANG_WARN_STRICT_PROTOTYPES = YES;
				CLANG_WARN_SUSPICIOUS_MOVE = YES;
				CLANG_WARN_UNGUARDED_AVAILABILITY = YES_AGGRESSIVE;
				CLANG_WARN_UNREACHABLE_CODE = YES;
				CLANG_WARN__DUPLICATE_METHOD_MATCH = YES;
				COPY_PHASE_STRIP = NO;
				DEBUG_INFORMATION_FORMAT = dwarf;
				ENABLE_STRICT_OBJC_MSGSEND = YES;
				ENABLE_TESTABILITY = YES;
				ENABLE_USER_SCRIPT_SANDBOXING = YES;
				GCC_C_LANGUAGE_STANDARD = gnu17;
				GCC_DYNAMIC_NO_PIC = NO;
				GCC_NO_COMMON_BLOCKS = YES;
				GCC_OPTIMIZATION_LEVEL = 0;
				GCC_PREPROCESSOR_DEFINITIONS = (
					"DEBUG=1",
					"$(inherited)",
				);
				GCC_WARN_64_TO_32_BIT_CONVERSION = YES;
				GCC_WARN_ABOUT_RETURN_TYPE = YES_ERROR;
				GCC_WARN_UNDECLARED_SELECTOR = YES;
				GCC_WARN_UNINITIALIZED_AUTOS = YES_AGGRESSIVE;
				GCC_WARN_UNUSED_FUNCTION = YES;
				GCC_WARN_UNUSED_VARIABLE = YES;
				IPHONEOS_DEPLOYMENT_TARGET = 18.0;
				LOCALIZATION_PREFERS_STRING_CATALOGS = YES;
				MTL_ENABLE_DEBUG_INFO = INCLUDE_SOURCE;
				MTL_FAST_MATH = YES;
				ONLY_ACTIVE_ARCH = YES;
				SDKROOT = iphoneos;
				SWIFT_ACTIVE_COMPILATION_CONDITIONS = "DEBUG $(inherited)";
				SWIFT_OPTIMIZATION_LEVEL = "-Onone";
			};
			name = Debug;
		};
		077E05C42C69737000B9D2D4 /* Release */ = {
			isa = XCBuildConfiguration;
			buildSettings = {
				ALWAYS_SEARCH_USER_PATHS = NO;
				ASSETCATALOG_COMPILER_GENERATE_SWIFT_ASSET_SYMBOL_EXTENSIONS = YES;
				CLANG_ANALYZER_NONNULL = YES;
				CLANG_ANALYZER_NUMBER_OBJECT_CONVERSION = YES_AGGRESSIVE;
				CLANG_CXX_LANGUAGE_STANDARD = "gnu++20";
				CLANG_ENABLE_MODULES = YES;
				CLANG_ENABLE_OBJC_ARC = YES;
				CLANG_ENABLE_OBJC_WEAK = YES;
				CLANG_WARN_BLOCK_CAPTURE_AUTORELEASING = YES;
				CLANG_WARN_BOOL_CONVERSION = YES;
				CLANG_WARN_COMMA = YES;
				CLANG_WARN_CONSTANT_CONVERSION = YES;
				CLANG_WARN_DEPRECATED_OBJC_IMPLEMENTATIONS = YES;
				CLANG_WARN_DIRECT_OBJC_ISA_USAGE = YES_ERROR;
				CLANG_WARN_DOCUMENTATION_COMMENTS = YES;
				CLANG_WARN_EMPTY_BODY = YES;
				CLANG_WARN_ENUM_CONVERSION = YES;
				CLANG_WARN_INFINITE_RECURSION = YES;
				CLANG_WARN_INT_CONVERSION = YES;
				CLANG_WARN_NON_LITERAL_NULL_CONVERSION = YES;
				CLANG_WARN_OBJC_IMPLICIT_RETAIN_SELF = YES;
				CLANG_WARN_OBJC_LITERAL_CONVERSION = YES;
				CLANG_WARN_OBJC_ROOT_CLASS = YES_ERROR;
				CLANG_WARN_QUOTED_INCLUDE_IN_FRAMEWORK_HEADER = YES;
				CLANG_WARN_RANGE_LOOP_ANALYSIS = YES;
				CLANG_WARN_STRICT_PROTOTYPES = YES;
				CLANG_WARN_SUSPICIOUS_MOVE = YES;
				CLANG_WARN_UNGUARDED_AVAILABILITY = YES_AGGRESSIVE;
				CLANG_WARN_UNREACHABLE_CODE = YES;
				CLANG_WARN__DUPLICATE_METHOD_MATCH = YES;
				COPY_PHASE_STRIP = NO;
				DEBUG_INFORMATION_FORMAT = "dwarf-with-dsym";
				ENABLE_NS_ASSERTIONS = NO;
				ENABLE_STRICT_OBJC_MSGSEND = YES;
				ENABLE_USER_SCRIPT_SANDBOXING = YES;
				GCC_C_LANGUAGE_STANDARD = gnu17;
				GCC_NO_COMMON_BLOCKS = YES;
				GCC_WARN_64_TO_32_BIT_CONVERSION = YES;
				GCC_WARN_ABOUT_RETURN_TYPE = YES_ERROR;
				GCC_WARN_UNDECLARED_SELECTOR = YES;
				GCC_WARN_UNINITIALIZED_AUTOS = YES_AGGRESSIVE;
				GCC_WARN_UNUSED_FUNCTION = YES;
				GCC_WARN_UNUSED_VARIABLE = YES;
				IPHONEOS_DEPLOYMENT_TARGET = 18.0;
				LOCALIZATION_PREFERS_STRING_CATALOGS = YES;
				MTL_ENABLE_DEBUG_INFO = NO;
				MTL_FAST_MATH = YES;
				SDKROOT = iphoneos;
				SWIFT_COMPILATION_MODE = wholemodule;
				VALIDATE_PRODUCT = YES;
			};
			name = Release;
		};
		077E05C62C69737000B9D2D4 /* Debug */ = {
			isa = XCBuildConfiguration;
			buildSettings = {
				ASSETCATALOG_COMPILER_APPICON_NAME = AppIcon;
				ASSETCATALOG_COMPILER_GLOBAL_ACCENT_COLOR_NAME = AccentColor;
				CODE_SIGN_STYLE = Automatic;
				CURRENT_PROJECT_VERSION = 1;
				DEVELOPMENT_ASSET_PATHS = "\"Firebase Bootcamp/Preview Content\"";
				DEVELOPMENT_TEAM = P5K444356C;
				ENABLE_PREVIEWS = YES;
				GENERATE_INFOPLIST_FILE = YES;
				INFOPLIST_FILE = "Firebase-Bootcamp-Info.plist";
				INFOPLIST_KEY_UIApplicationSceneManifest_Generation = YES;
				INFOPLIST_KEY_UIApplicationSupportsIndirectInputEvents = YES;
				INFOPLIST_KEY_UILaunchScreen_Generation = YES;
				INFOPLIST_KEY_UISupportedInterfaceOrientations_iPad = "UIInterfaceOrientationPortrait UIInterfaceOrientationPortraitUpsideDown UIInterfaceOrientationLandscapeLeft UIInterfaceOrientationLandscapeRight";
				INFOPLIST_KEY_UISupportedInterfaceOrientations_iPhone = "UIInterfaceOrientationPortrait UIInterfaceOrientationLandscapeLeft UIInterfaceOrientationLandscapeRight";
				LD_RUNPATH_SEARCH_PATHS = (
					"$(inherited)",
					"@executable_path/Frameworks",
				);
				MARKETING_VERSION = 1.0;
				PRODUCT_BUNDLE_IDENTIFIER = "com.parpods.Firebase-Bootcamp";
				PRODUCT_NAME = "$(TARGET_NAME)";
				SWIFT_EMIT_LOC_STRINGS = YES;
				SWIFT_VERSION = 5.0;
				TARGETED_DEVICE_FAMILY = "1,2";
			};
			name = Debug;
		};
		077E05C72C69737000B9D2D4 /* Release */ = {
			isa = XCBuildConfiguration;
			buildSettings = {
				ASSETCATALOG_COMPILER_APPICON_NAME = AppIcon;
				ASSETCATALOG_COMPILER_GLOBAL_ACCENT_COLOR_NAME = AccentColor;
				CODE_SIGN_STYLE = Automatic;
				CURRENT_PROJECT_VERSION = 1;
				DEVELOPMENT_ASSET_PATHS = "\"Firebase Bootcamp/Preview Content\"";
				DEVELOPMENT_TEAM = P5K444356C;
				ENABLE_PREVIEWS = YES;
				GENERATE_INFOPLIST_FILE = YES;
				INFOPLIST_FILE = "Firebase-Bootcamp-Info.plist";
				INFOPLIST_KEY_UIApplicationSceneManifest_Generation = YES;
				INFOPLIST_KEY_UIApplicationSupportsIndirectInputEvents = YES;
				INFOPLIST_KEY_UILaunchScreen_Generation = YES;
				INFOPLIST_KEY_UISupportedInterfaceOrientations_iPad = "UIInterfaceOrientationPortrait UIInterfaceOrientationPortraitUpsideDown UIInterfaceOrientationLandscapeLeft UIInterfaceOrientationLandscapeRight";
				INFOPLIST_KEY_UISupportedInterfaceOrientations_iPhone = "UIInterfaceOrientationPortrait UIInterfaceOrientationLandscapeLeft UIInterfaceOrientationLandscapeRight";
				LD_RUNPATH_SEARCH_PATHS = (
					"$(inherited)",
					"@executable_path/Frameworks",
				);
				MARKETING_VERSION = 1.0;
				PRODUCT_BUNDLE_IDENTIFIER = "com.parpods.Firebase-Bootcamp";
				PRODUCT_NAME = "$(TARGET_NAME)";
				SWIFT_EMIT_LOC_STRINGS = YES;
				SWIFT_VERSION = 5.0;
				TARGETED_DEVICE_FAMILY = "1,2";
			};
			name = Release;
		};
/* End XCBuildConfiguration section */

/* Begin XCConfigurationList section */
		077E05B22C69736E00B9D2D4 /* Build configuration list for PBXProject "Firebase Bootcamp" */ = {
			isa = XCConfigurationList;
			buildConfigurations = (
				077E05C32C69737000B9D2D4 /* Debug */,
				077E05C42C69737000B9D2D4 /* Release */,
			);
			defaultConfigurationIsVisible = 0;
			defaultConfigurationName = Release;
		};
		077E05C52C69737000B9D2D4 /* Build configuration list for PBXNativeTarget "Firebase Bootcamp" */ = {
			isa = XCConfigurationList;
			buildConfigurations = (
				077E05C62C69737000B9D2D4 /* Debug */,
				077E05C72C69737000B9D2D4 /* Release */,
			);
			defaultConfigurationIsVisible = 0;
			defaultConfigurationName = Release;
		};
/* End XCConfigurationList section */

/* Begin XCRemoteSwiftPackageReference section */
		077E05CA2C69741000B9D2D4 /* XCRemoteSwiftPackageReference "firebase-ios-sdk" */ = {
			isa = XCRemoteSwiftPackageReference;
			repositoryURL = "https://github.com/firebase/firebase-ios-sdk";
			requirement = {
				kind = upToNextMajorVersion;
				minimumVersion = 11.0.0;
			};
		};
		079600662C6A59A900A51862 /* XCRemoteSwiftPackageReference "GoogleSignIn-iOS" */ = {
			isa = XCRemoteSwiftPackageReference;
			repositoryURL = "https://github.com/google/GoogleSignIn-iOS";
			requirement = {
				kind = upToNextMajorVersion;
				minimumVersion = 7.1.0;
			};
		};
/* End XCRemoteSwiftPackageReference section */

/* Begin XCSwiftPackageProductDependency section */
		077E05CB2C69741000B9D2D4 /* FirebaseAnalytics */ = {
			isa = XCSwiftPackageProductDependency;
			package = 077E05CA2C69741000B9D2D4 /* XCRemoteSwiftPackageReference "firebase-ios-sdk" */;
			productName = FirebaseAnalytics;
		};
		077E05CD2C69741000B9D2D4 /* FirebaseAuth */ = {
			isa = XCSwiftPackageProductDependency;
			package = 077E05CA2C69741000B9D2D4 /* XCRemoteSwiftPackageReference "firebase-ios-sdk" */;
			productName = FirebaseAuth;
		};
		079600672C6A59A900A51862 /* GoogleSignIn */ = {
			isa = XCSwiftPackageProductDependency;
			package = 079600662C6A59A900A51862 /* XCRemoteSwiftPackageReference "GoogleSignIn-iOS" */;
			productName = GoogleSignIn;
		};
		079600692C6A59A900A51862 /* GoogleSignInSwift */ = {
			isa = XCSwiftPackageProductDependency;
			package = 079600662C6A59A900A51862 /* XCRemoteSwiftPackageReference "GoogleSignIn-iOS" */;
			productName = GoogleSignInSwift;
		};
		07F24C472C6AF5390022E743 /* FirebaseVertexAI-Preview */ = {
			isa = XCSwiftPackageProductDependency;
			package = 077E05CA2C69741000B9D2D4 /* XCRemoteSwiftPackageReference "firebase-ios-sdk" */;
			productName = "FirebaseVertexAI-Preview";
		};
/* End XCSwiftPackageProductDependency section */
	};
	rootObject = 077E05AF2C69736E00B9D2D4 /* Project object */;
}
